<?xml version="1.0" encoding="UTF-8"?>
<Project ToolsVersion="14.0" xmlns="http://schemas.microsoft.com/developer/msbuild/2003">
  <ItemGroup>
    <ClCompile Include="D:\joe_data\Desktop\OpenCC-master\src\BinaryDict.cpp">
      <Filter>Source Files</Filter>
    </ClCompile>
    <ClCompile Include="D:\joe_data\Desktop\OpenCC-master\src\Config.cpp">
      <Filter>Source Files</Filter>
    </ClCompile>
    <ClCompile Include="D:\joe_data\Desktop\OpenCC-master\src\Conversion.cpp">
      <Filter>Source Files</Filter>
    </ClCompile>
    <ClCompile Include="D:\joe_data\Desktop\OpenCC-master\src\ConversionChain.cpp">
      <Filter>Source Files</Filter>
    </ClCompile>
    <ClCompile Include="D:\joe_data\Desktop\OpenCC-master\src\Converter.cpp">
      <Filter>Source Files</Filter>
    </ClCompile>
    <ClCompile Include="D:\joe_data\Desktop\OpenCC-master\src\DartsDict.cpp">
      <Filter>Source Files</Filter>
    </ClCompile>
    <ClCompile Include="D:\joe_data\Desktop\OpenCC-master\src\Dict.cpp">
      <Filter>Source Files</Filter>
    </ClCompile>
    <ClCompile Include="D:\joe_data\Desktop\OpenCC-master\src\DictEntry.cpp">
      <Filter>Source Files</Filter>
    </ClCompile>
    <ClCompile Include="D:\joe_data\Desktop\OpenCC-master\src\DictGroup.cpp">
      <Filter>Source Files</Filter>
    </ClCompile>
    <ClCompile Include="D:\joe_data\Desktop\OpenCC-master\src\MaxMatchSegmentation.cpp">
      <Filter>Source Files</Filter>
    </ClCompile>
    <ClCompile Include="D:\joe_data\Desktop\OpenCC-master\src\PhraseExtract.cpp">
      <Filter>Source Files</Filter>
    </ClCompile>
    <ClCompile Include="D:\joe_data\Desktop\OpenCC-master\src\SimpleConverter.cpp">
      <Filter>Source Files</Filter>
    </ClCompile>
    <ClCompile Include="D:\joe_data\Desktop\OpenCC-master\src\Segmentation.cpp">
      <Filter>Source Files</Filter>
    </ClCompile>
    <ClCompile Include="D:\joe_data\Desktop\OpenCC-master\src\TextDict.cpp">
      <Filter>Source Files</Filter>
    </ClCompile>
    <ClCompile Include="D:\joe_data\Desktop\OpenCC-master\src\UTF8StringSlice.cpp">
      <Filter>Source Files</Filter>
    </ClCompile>
    <ClCompile Include="D:\joe_data\Desktop\OpenCC-master\src\UTF8Util.cpp">
      <Filter>Source Files</Filter>
    </ClCompile>
  </ItemGroup>
  <ItemGroup>
    <CustomBuild Include="D:\joe_data\Desktop\OpenCC-master\src\CMakeLists.txt" />
  </ItemGroup>
  <ItemGroup>
    <Filter Include="Source Files">
      <UniqueIdentifier>{8E9E0D28-B36E-431B-8F8F-84A2ED435AC2}</UniqueIdentifier>
    </Filter>
  </ItemGroup>
</Project>
