<?xml version="1.0" encoding="UTF-8"?>
<Project ToolsVersion="14.0" xmlns="http://schemas.microsoft.com/developer/msbuild/2003">
  <ItemGroup>
    <CustomBuild Include="D:\joe_data\Desktop\OpenCC-master\CMakeFiles\bcfd36638c40517fa785fab0a0b515e4\PACKAGE_force.rule">
      <Filter>CMake Rules</Filter>
    </CustomBuild>
  </ItemGroup>
  <ItemGroup>
    <Filter Include="CMake Rules">
      <UniqueIdentifier>{DFA78FB8-C308-4395-9049-6DD8828FA6F4}</UniqueIdentifier>
    </Filter>
  </ItemGroup>
</Project>
